
Microsoft Visual Studio Solution File, Format Version 12.00
# Visual Studio Version 16
VisualStudioVersion = 16.0.29728.190
MinimumVisualStudioVersion = 10.0.40219.1
Project("{9A19103F-16F7-4668-BE54-9A1E7A4F7556}") = "Dota2App", "Dota2App\Dota2App.csproj", "{BEEDBD0F-C5FE-4662-A9F2-A71D6E831BCA}"
EndProject
Project("{9A19103F-16F7-4668-BE54-9A1E7A4F7556}") = "DotaDomain", "DotaDomain\DotaDomain.csproj", "{C572EB2F-22A2-47FA-ABE4-F54A001D9FE3}"
EndProject
Global
	GlobalSection(SolutionConfigurationPlatforms) = preSolution
		Debug|Any CPU = Debug|Any CPU
		Release|Any CPU = Release|Any CPU
	EndGlobalSection
	GlobalSection(ProjectConfigurationPlatforms) = postSolution
		{BEEDBD0F-C5FE-4662-A9F2-A71D6E831BCA}.Debug|Any CPU.ActiveCfg = Debug|Any CPU
		{BEEDBD0F-C5FE-4662-A9F2-A71D6E831BCA}.Debug|Any CPU.Build.0 = Debug|Any CPU
		{BEEDBD0F-C5FE-4662-A9F2-A71D6E831BCA}.Release|Any CPU.ActiveCfg = Release|Any CPU
		{BEEDBD0F-C5FE-4662-A9F2-A71D6E831BCA}.Release|Any CPU.Build.0 = Release|Any CPU
		{C572EB2F-22A2-47FA-ABE4-F54A001D9FE3}.Debug|Any CPU.ActiveCfg = Debug|Any CPU
		{C572EB2F-22A2-47FA-ABE4-F54A001D9FE3}.Debug|Any CPU.Build.0 = Debug|Any CPU
		{C572EB2F-22A2-47FA-ABE4-F54A001D9FE3}.Release|Any CPU.ActiveCfg = Release|Any CPU
		{C572EB2F-22A2-47FA-ABE4-F54A001D9FE3}.Release|Any CPU.Build.0 = Release|Any CPU
	EndGlobalSection
	GlobalSection(SolutionProperties) = preSolution
		HideSolutionNode = FALSE
	EndGlobalSection
	GlobalSection(ExtensibilityGlobals) = postSolution
		SolutionGuid = {AEA53BEF-988F-40BE-972A-D358E58ED93D}
	EndGlobalSection
EndGlobal
